
Microsoft Visual Studio Solution File, Format Version 12.00
# Visual Studio 15
VisualStudioVersion = 15.0.26124.0
MinimumVisualStudioVersion = 15.0.26124.0
Project("{FAE04EC0-301F-11D3-BF4B-00C04F79EFBC}") = "CalculatorApp", "CalculatorApp\CalculatorApp.csproj", "{72BC7EDA-F01C-4BF4-B3CB-42C62E7A6F36}"
EndProject
Project("{68805EED-D710-4364-9D93-CF7CDCBFC526}") = "CalculatorApp.Tests", "CalculatorApp.Tests\CalculatorApp.Tests.csproj", "{A1B400BC-89C8-493E-98CA-C2955A9C59F5}"
EndProject
Global
	GlobalSection(SolutionConfigurationPlatforms) = preSolution
		Debug|Any CPU = Debug|Any CPU
		Debug|x64 = Debug|x64
		Debug|x86 = Debug|x86
		Release|Any CPU = Release|Any CPU
		Release|x64 = Release|x64
		Release|x86 = Release|x86
	EndGlobalSection
	GlobalSection(SolutionProperties) = preSolution
		HideSolutionNode = FALSE
	EndGlobalSection
	GlobalSection(ProjectConfigurationPlatforms) = postSolution
		{72BC7EDA-F01C-4BF4-B3CB-42C62E7A6F36}.Debug|Any CPU.ActiveCfg = Debug|Any CPU
		{72BC7EDA-F01C-4BF4-B3CB-42C62E7A6F36}.Debug|Any CPU.Build.0 = Debug|Any CPU
		{72BC7EDA-F01C-4BF4-B3CB-42C62E7A6F36}.Debug|x64.ActiveCfg = Debug|Any CPU
		{72BC7EDA-F01C-4BF4-B3CB-42C62E7A6F36}.Debug|x64.Build.0 = Debug|Any CPU
		{72BC7EDA-F01C-4BF4-B3CB-42C62E7A6F36}.Debug|x86.ActiveCfg = Debug|Any CPU
		{72BC7EDA-F01C-4BF4-B3CB-42C62E7A6F36}.Debug|x86.Build.0 = Debug|Any CPU
		{72BC7EDA-F01C-4BF4-B3CB-42C62E7A6F36}.Release|Any CPU.ActiveCfg = Release|Any CPU
		{72BC7EDA-F01C-4BF4-B3CB-42C62E7A6F36}.Release|Any CPU.Build.0 = Release|Any CPU
		{72BC7EDA-F01C-4BF4-B3CB-42C62E7A6F36}.Release|x64.ActiveCfg = Release|Any CPU
		{72BC7EDA-F01C-4BF4-B3CB-42C62E7A6F36}.Release|x64.Build.0 = Release|Any CPU
		{72BC7EDA-F01C-4BF4-B3CB-42C62E7A6F36}.Release|x86.ActiveCfg = Release|Any CPU
		{72BC7EDA-F01C-4BF4-B3CB-42C62E7A6F36}.Release|x86.Build.0 = Release|Any CPU
		{A1B400BC-89C8-493E-98CA-C2955A9C59F5}.Debug|Any CPU.ActiveCfg = Debug|Any CPU
		{A1B400BC-89C8-493E-98CA-C2955A9C59F5}.Debug|Any CPU.Build.0 = Debug|Any CPU
		{A1B400BC-89C8-493E-98CA-C2955A9C59F5}.Debug|x64.ActiveCfg = Debug|Any CPU
		{A1B400BC-89C8-493E-98CA-C2955A9C59F5}.Debug|x64.Build.0 = Debug|Any CPU
		{A1B400BC-89C8-493E-98CA-C2955A9C59F5}.Debug|x86.ActiveCfg = Debug|Any CPU
		{A1B400BC-89C8-493E-98CA-C2955A9C59F5}.Debug|x86.Build.0 = Debug|Any CPU
		{A1B400BC-89C8-493E-98CA-C2955A9C59F5}.Release|Any CPU.ActiveCfg = Release|Any CPU
		{A1B400BC-89C8-493E-98CA-C2955A9C59F5}.Release|Any CPU.Build.0 = Release|Any CPU
		{A1B400BC-89C8-493E-98CA-C2955A9C59F5}.Release|x64.ActiveCfg = Release|Any CPU
		{A1B400BC-89C8-493E-98CA-C2955A9C59F5}.Release|x64.Build.0 = Release|Any CPU
		{A1B400BC-89C8-493E-98CA-C2955A9C59F5}.Release|x86.ActiveCfg = Release|Any CPU
		{A1B400BC-89C8-493E-98CA-C2955A9C59F5}.Release|x86.Build.0 = Release|Any CPU
	EndGlobalSection
EndGlobal
